
Microsoft Visual Studio Solution File, Format Version 12.00
# Visual Studio Version 16
VisualStudioVersion = 16.0.30128.74
MinimumVisualStudioVersion = 10.0.40219.1
Project("{FAE04EC0-301F-11D3-BF4B-00C04F79EFBC}") = "Task4", "Task4\Task4.csproj", "{04149C0E-B528-4246-B910-C7196ABAB790}"
EndProject
Project("{FAE04EC0-301F-11D3-BF4B-00C04F79EFBC}") = "Task4.Tests", "Task4.Tests\Task4.Tests.csproj", "{01612B38-8E10-45DC-AFE8-2E8811AA38BC}"
EndProject
Global
	GlobalSection(SolutionConfigurationPlatforms) = preSolution
		Debug|Any CPU = Debug|Any CPU
		Release|Any CPU = Release|Any CPU
	EndGlobalSection
	GlobalSection(ProjectConfigurationPlatforms) = postSolution
		{04149C0E-B528-4246-B910-C7196ABAB790}.Debug|Any CPU.ActiveCfg = Debug|Any CPU
		{04149C0E-B528-4246-B910-C7196ABAB790}.Debug|Any CPU.Build.0 = Debug|Any CPU
		{04149C0E-B528-4246-B910-C7196ABAB790}.Release|Any CPU.ActiveCfg = Release|Any CPU
		{04149C0E-B528-4246-B910-C7196ABAB790}.Release|Any CPU.Build.0 = Release|Any CPU
		{01612B38-8E10-45DC-AFE8-2E8811AA38BC}.Debug|Any CPU.ActiveCfg = Debug|Any CPU
		{01612B38-8E10-45DC-AFE8-2E8811AA38BC}.Debug|Any CPU.Build.0 = Debug|Any CPU
		{01612B38-8E10-45DC-AFE8-2E8811AA38BC}.Release|Any CPU.ActiveCfg = Release|Any CPU
		{01612B38-8E10-45DC-AFE8-2E8811AA38BC}.Release|Any CPU.Build.0 = Release|Any CPU
	EndGlobalSection
	GlobalSection(SolutionProperties) = preSolution
		HideSolutionNode = FALSE
	EndGlobalSection
	GlobalSection(ExtensibilityGlobals) = postSolution
		SolutionGuid = {B897DF1C-43A7-4B34-AFD0-B8A54DA9A333}
	EndGlobalSection
EndGlobal
